
Microsoft Visual Studio Solution File, Format Version 12.00
# Visual Studio 15
VisualStudioVersion = 15.0.28307.2092
MinimumVisualStudioVersion = 10.0.40219.1
Project("{FAE04EC0-301F-11D3-BF4B-00C04F79EFBC}") = "WebApplication3", "WebApplication3\WebApplication3.csproj", "{BB6A8FAF-08CE-4931-9793-3F2B0467D023}"
EndProject
Global
	GlobalSection(SolutionConfigurationPlatforms) = preSolution
		Debug|Any CPU = Debug|Any CPU
		Release|Any CPU = Release|Any CPU
	EndGlobalSection
	GlobalSection(ProjectConfigurationPlatforms) = postSolution
		{BB6A8FAF-08CE-4931-9793-3F2B0467D023}.Debug|Any CPU.ActiveCfg = Debug|Any CPU
		{BB6A8FAF-08CE-4931-9793-3F2B0467D023}.Debug|Any CPU.Build.0 = Debug|Any CPU
		{BB6A8FAF-08CE-4931-9793-3F2B0467D023}.Release|Any CPU.ActiveCfg = Release|Any CPU
		{BB6A8FAF-08CE-4931-9793-3F2B0467D023}.Release|Any CPU.Build.0 = Release|Any CPU
	EndGlobalSection
	GlobalSection(SolutionProperties) = preSolution
		HideSolutionNode = FALSE
	EndGlobalSection
	GlobalSection(ExtensibilityGlobals) = postSolution
		SolutionGuid = {34027681-3B4B-477F-A038-631448510BA8}
	EndGlobalSection
EndGlobal
