
Microsoft Visual Studio Solution File, Format Version 12.00
# Visual Studio Version 16
VisualStudioVersion = 16.0.32630.194
MinimumVisualStudioVersion = 10.0.40219.1
Project("{FAE04EC0-301F-11D3-BF4B-00C04F79EFBC}") = "TestBackEndBD", "TestBackEndBD\TestBackEndBD.csproj", "{1236676C-C4FB-4B0A-B132-2D8165050B4D}"
EndProject
Global
	GlobalSection(SolutionConfigurationPlatforms) = preSolution
		Debug|Any CPU = Debug|Any CPU
		Release|Any CPU = Release|Any CPU
	EndGlobalSection
	GlobalSection(ProjectConfigurationPlatforms) = postSolution
		{1236676C-C4FB-4B0A-B132-2D8165050B4D}.Debug|Any CPU.ActiveCfg = Debug|Any CPU
		{1236676C-C4FB-4B0A-B132-2D8165050B4D}.Debug|Any CPU.Build.0 = Debug|Any CPU
		{1236676C-C4FB-4B0A-B132-2D8165050B4D}.Release|Any CPU.ActiveCfg = Release|Any CPU
		{1236676C-C4FB-4B0A-B132-2D8165050B4D}.Release|Any CPU.Build.0 = Release|Any CPU
	EndGlobalSection
	GlobalSection(SolutionProperties) = preSolution
		HideSolutionNode = FALSE
	EndGlobalSection
	GlobalSection(ExtensibilityGlobals) = postSolution
		SolutionGuid = {44465E35-D725-4106-80BC-94DAC46EDFF4}
	EndGlobalSection
EndGlobal
